
Microsoft Visual Studio Solution File, Format Version 12.00
# Visual Studio Version 16
VisualStudioVersion = 16.0.30503.244
MinimumVisualStudioVersion = 10.0.40219.1
Project("{8BC9CEB8-8B4A-11D0-8D11-00A0C91BC942}") = "BigNumbersCPP", "BigNumbersCPP\BigNumbersCPP.vcxproj", "{DC42F3DB-1BE2-462C-BCCF-CB8F0E36446A}"
EndProject
Global
	GlobalSection(SolutionConfigurationPlatforms) = preSolution
		Debug|x64 = Debug|x64
		Debug|x86 = Debug|x86
		Release|x64 = Release|x64
		Release|x86 = Release|x86
	EndGlobalSection
	GlobalSection(ProjectConfigurationPlatforms) = postSolution
		{DC42F3DB-1BE2-462C-BCCF-CB8F0E36446A}.Debug|x64.ActiveCfg = Debug|x64
		{DC42F3DB-1BE2-462C-BCCF-CB8F0E36446A}.Debug|x64.Build.0 = Debug|x64
		{DC42F3DB-1BE2-462C-BCCF-CB8F0E36446A}.Debug|x86.ActiveCfg = Debug|Win32
		{DC42F3DB-1BE2-462C-BCCF-CB8F0E36446A}.Debug|x86.Build.0 = Debug|Win32
		{DC42F3DB-1BE2-462C-BCCF-CB8F0E36446A}.Release|x64.ActiveCfg = Release|x64
		{DC42F3DB-1BE2-462C-BCCF-CB8F0E36446A}.Release|x64.Build.0 = Release|x64
		{DC42F3DB-1BE2-462C-BCCF-CB8F0E36446A}.Release|x86.ActiveCfg = Release|Win32
		{DC42F3DB-1BE2-462C-BCCF-CB8F0E36446A}.Release|x86.Build.0 = Release|Win32
	EndGlobalSection
	GlobalSection(SolutionProperties) = preSolution
		HideSolutionNode = FALSE
	EndGlobalSection
	GlobalSection(ExtensibilityGlobals) = postSolution
		SolutionGuid = {1B580A92-D5AD-4D69-83B0-BDEA6F65D686}
	EndGlobalSection
EndGlobal
